
Microsoft Visual Studio Solution File, Format Version 12.00
# Visual Studio Version 17
VisualStudioVersion = 17.1.32210.238
MinimumVisualStudioVersion = 10.0.40219.1
Project("{FAE04EC0-301F-11D3-BF4B-00C04F79EFBC}") = "mono", "mono\mono.csproj", "{1DBD7FA0-9A1C-48D5-B126-C2D1CE893B77}"
EndProject
Global
	GlobalSection(SolutionConfigurationPlatforms) = preSolution
		Debug|Any CPU = Debug|Any CPU
		Release|Any CPU = Release|Any CPU
	EndGlobalSection
	GlobalSection(ProjectConfigurationPlatforms) = postSolution
		{1DBD7FA0-9A1C-48D5-B126-C2D1CE893B77}.Debug|Any CPU.ActiveCfg = Debug|Any CPU
		{1DBD7FA0-9A1C-48D5-B126-C2D1CE893B77}.Debug|Any CPU.Build.0 = Debug|Any CPU
		{1DBD7FA0-9A1C-48D5-B126-C2D1CE893B77}.Release|Any CPU.ActiveCfg = Release|Any CPU
		{1DBD7FA0-9A1C-48D5-B126-C2D1CE893B77}.Release|Any CPU.Build.0 = Release|Any CPU
	EndGlobalSection
	GlobalSection(SolutionProperties) = preSolution
		HideSolutionNode = FALSE
	EndGlobalSection
	GlobalSection(ExtensibilityGlobals) = postSolution
		SolutionGuid = {88648DE9-1A1A-4156-8A6D-2168B9D29DD2}
	EndGlobalSection
EndGlobal
